
Microsoft Visual Studio Solution File, Format Version 12.00
# Visual Studio Version 17
VisualStudioVersion = 17.11.35303.130
MinimumVisualStudioVersion = 10.0.40219.1
Project("{FAE04EC0-301F-11D3-BF4B-00C04F79EFBC}") = "oop-2024-09-30-shopping-cart", "oop-2024-09-30-shopping-cart.csproj", "{9D2EBED6-BD4E-493B-9784-214B0693050B}"
EndProject
Global
	GlobalSection(SolutionConfigurationPlatforms) = preSolution
		Debug|Any CPU = Debug|Any CPU
		Release|Any CPU = Release|Any CPU
	EndGlobalSection
	GlobalSection(ProjectConfigurationPlatforms) = postSolution
		{9D2EBED6-BD4E-493B-9784-214B0693050B}.Debug|Any CPU.ActiveCfg = Debug|Any CPU
		{9D2EBED6-BD4E-493B-9784-214B0693050B}.Debug|Any CPU.Build.0 = Debug|Any CPU
		{9D2EBED6-BD4E-493B-9784-214B0693050B}.Release|Any CPU.ActiveCfg = Release|Any CPU
		{9D2EBED6-BD4E-493B-9784-214B0693050B}.Release|Any CPU.Build.0 = Release|Any CPU
	EndGlobalSection
	GlobalSection(SolutionProperties) = preSolution
		HideSolutionNode = FALSE
	EndGlobalSection
	GlobalSection(ExtensibilityGlobals) = postSolution
		SolutionGuid = {1CFD0DD3-BFD3-4427-A31B-2A48F5888D96}
	EndGlobalSection
EndGlobal
